
Microsoft Visual Studio Solution File, Format Version 12.00
Project("{FAE04EC0-301F-11D3-BF4B-00C04F79EFBC}") = "SqlMapAPIWrapper", "SqlMapAPIWrapper\SqlMapAPIWrapper.csproj", "{778FCB60-8FF7-4502-8073-526DF0162022}"
EndProject
Project("{FAE04EC0-301F-11D3-BF4B-00C04F79EFBC}") = "SqlMapApiWrapperLib", "SqlMapApiWrapperLib\SqlMapApiWrapperLib.csproj", "{83B911DC-3902-438C-A21A-763B00C9422E}"
EndProject
Global
	GlobalSection(SolutionConfigurationPlatforms) = preSolution
		Debug|Any CPU = Debug|Any CPU
		Release|Any CPU = Release|Any CPU
	EndGlobalSection
	GlobalSection(ProjectConfigurationPlatforms) = postSolution
		{778FCB60-8FF7-4502-8073-526DF0162022}.Debug|Any CPU.ActiveCfg = Debug|Any CPU
		{778FCB60-8FF7-4502-8073-526DF0162022}.Debug|Any CPU.Build.0 = Debug|Any CPU
		{778FCB60-8FF7-4502-8073-526DF0162022}.Release|Any CPU.ActiveCfg = Release|Any CPU
		{778FCB60-8FF7-4502-8073-526DF0162022}.Release|Any CPU.Build.0 = Release|Any CPU
		{83B911DC-3902-438C-A21A-763B00C9422E}.Debug|Any CPU.ActiveCfg = Debug|Any CPU
		{83B911DC-3902-438C-A21A-763B00C9422E}.Debug|Any CPU.Build.0 = Debug|Any CPU
		{83B911DC-3902-438C-A21A-763B00C9422E}.Release|Any CPU.ActiveCfg = Release|Any CPU
		{83B911DC-3902-438C-A21A-763B00C9422E}.Release|Any CPU.Build.0 = Release|Any CPU
	EndGlobalSection
EndGlobal
