
Microsoft Visual Studio Solution File, Format Version 12.00
Project("{FAE04EC0-301F-11D3-BF4B-00C04F79EFBC}") = "Nessus", "Nessus\Nessus.csproj", "{7C5CF39A-4910-465F-B98A-510FA9A096D0}"
EndProject
Global
	GlobalSection(SolutionConfigurationPlatforms) = preSolution
		Debug|Any CPU = Debug|Any CPU
		Release|Any CPU = Release|Any CPU
	EndGlobalSection
	GlobalSection(ProjectConfigurationPlatforms) = postSolution
		{7C5CF39A-4910-465F-B98A-510FA9A096D0}.Debug|Any CPU.ActiveCfg = Debug|Any CPU
		{7C5CF39A-4910-465F-B98A-510FA9A096D0}.Debug|Any CPU.Build.0 = Debug|Any CPU
		{7C5CF39A-4910-465F-B98A-510FA9A096D0}.Release|Any CPU.ActiveCfg = Release|Any CPU
		{7C5CF39A-4910-465F-B98A-510FA9A096D0}.Release|Any CPU.Build.0 = Release|Any CPU
	EndGlobalSection
EndGlobal
